
Microsoft Visual Studio Solution File, Format Version 12.00
# Visual Studio 15
VisualStudioVersion = 15.0.27428.2037
MinimumVisualStudioVersion = 10.0.40219.1
Project("{6EC3EE1D-3C4E-46DD-8F32-0CC8E7565705}") = "EventSourcing.Domain", "EventSourcing.Domain\EventSourcing.Domain.fsproj", "{30BE94B2-2687-4899-B54F-9AE4DCEC9DE8}"
EndProject
Project("{9A19103F-16F7-4668-BE54-9A1E7A4F7556}") = "EventSourcing.Application.Test", "EventSourcing.Application.Test\EventSourcing.Application.Test.csproj", "{B226D4C7-7781-4339-8A52-76E43646846A}"
EndProject
Project("{9A19103F-16F7-4668-BE54-9A1E7A4F7556}") = "EventSourcing.Application", "EventSourcing.Application\EventSourcing.Application.csproj", "{FCCB1202-1AA3-4945-8B55-C82DAECE634D}"
EndProject
Project("{9A19103F-16F7-4668-BE54-9A1E7A4F7556}") = "EventSourcing.Infrastructure.Write", "EventSourcing.Infrastructure.Write\EventSourcing.Infrastructure.Write.csproj", "{CF1D6550-68B4-407F-BCDD-37B5557450F4}"
EndProject
Project("{9A19103F-16F7-4668-BE54-9A1E7A4F7556}") = "EventSourcing.Infrastructure.Common", "EventSourcing.Infrastructure.Common\EventSourcing.Infrastructure.Common.csproj", "{2B454A51-996C-43F7-84B1-AF147B01B1C9}"
EndProject
Global
	GlobalSection(SolutionConfigurationPlatforms) = preSolution
		Debug|Any CPU = Debug|Any CPU
		Release|Any CPU = Release|Any CPU
	EndGlobalSection
	GlobalSection(ProjectConfigurationPlatforms) = postSolution
		{30BE94B2-2687-4899-B54F-9AE4DCEC9DE8}.Debug|Any CPU.ActiveCfg = Debug|Any CPU
		{30BE94B2-2687-4899-B54F-9AE4DCEC9DE8}.Debug|Any CPU.Build.0 = Debug|Any CPU
		{30BE94B2-2687-4899-B54F-9AE4DCEC9DE8}.Release|Any CPU.ActiveCfg = Release|Any CPU
		{30BE94B2-2687-4899-B54F-9AE4DCEC9DE8}.Release|Any CPU.Build.0 = Release|Any CPU
		{B226D4C7-7781-4339-8A52-76E43646846A}.Debug|Any CPU.ActiveCfg = Debug|Any CPU
		{B226D4C7-7781-4339-8A52-76E43646846A}.Debug|Any CPU.Build.0 = Debug|Any CPU
		{B226D4C7-7781-4339-8A52-76E43646846A}.Release|Any CPU.ActiveCfg = Release|Any CPU
		{B226D4C7-7781-4339-8A52-76E43646846A}.Release|Any CPU.Build.0 = Release|Any CPU
		{FCCB1202-1AA3-4945-8B55-C82DAECE634D}.Debug|Any CPU.ActiveCfg = Debug|Any CPU
		{FCCB1202-1AA3-4945-8B55-C82DAECE634D}.Debug|Any CPU.Build.0 = Debug|Any CPU
		{FCCB1202-1AA3-4945-8B55-C82DAECE634D}.Release|Any CPU.ActiveCfg = Release|Any CPU
		{FCCB1202-1AA3-4945-8B55-C82DAECE634D}.Release|Any CPU.Build.0 = Release|Any CPU
		{CF1D6550-68B4-407F-BCDD-37B5557450F4}.Debug|Any CPU.ActiveCfg = Debug|Any CPU
		{CF1D6550-68B4-407F-BCDD-37B5557450F4}.Debug|Any CPU.Build.0 = Debug|Any CPU
		{CF1D6550-68B4-407F-BCDD-37B5557450F4}.Release|Any CPU.ActiveCfg = Release|Any CPU
		{CF1D6550-68B4-407F-BCDD-37B5557450F4}.Release|Any CPU.Build.0 = Release|Any CPU
		{2B454A51-996C-43F7-84B1-AF147B01B1C9}.Debug|Any CPU.ActiveCfg = Debug|Any CPU
		{2B454A51-996C-43F7-84B1-AF147B01B1C9}.Debug|Any CPU.Build.0 = Debug|Any CPU
		{2B454A51-996C-43F7-84B1-AF147B01B1C9}.Release|Any CPU.ActiveCfg = Release|Any CPU
		{2B454A51-996C-43F7-84B1-AF147B01B1C9}.Release|Any CPU.Build.0 = Release|Any CPU
	EndGlobalSection
	GlobalSection(SolutionProperties) = preSolution
		HideSolutionNode = FALSE
	EndGlobalSection
	GlobalSection(ExtensibilityGlobals) = postSolution
		SolutionGuid = {5FD5C6FC-8595-4FF5-8D02-C2395D6F3067}
	EndGlobalSection
EndGlobal
